// !$*UTF8*$!
{
	archiveVersion = 1;
	classes = {
	};
	objectVersion = 55;
	objects = {

/* Begin PBXBuildFile section */
		3CDB7598273C9CC3004175CF /* Questions.swift in Sources */ = {isa = PBXBuildFile; fileRef = 3CDB7597273C9CC3004175CF /* Questions.swift */; };
		3CDB759C273C9F31004175CF /* QuizBrain.swift in Sources */ = {isa = PBXBuildFile; fileRef = 3CDB759B273C9F31004175CF /* QuizBrain.swift */; };
		3CF2112F272A0E9300D6C1D6 /* AppDelegate.swift in Sources */ = {isa = PBXBuildFile; fileRef = 3CF2112E272A0E9300D6C1D6 /* AppDelegate.swift */; };
		3CF21131272A0E9300D6C1D6 /* SceneDelegate.swift in Sources */ = {isa = PBXBuildFile; fileRef = 3CF21130272A0E9300D6C1D6 /* SceneDelegate.swift */; };
		3CF21133272A0E9300D6C1D6 /* ViewController.swift in Sources */ = {isa = PBXBuildFile; fileRef = 3CF21132272A0E9300D6C1D6 /* ViewController.swift */; };
		3CF21136272A0E9300D6C1D6 /* Main.storyboard in Resources */ = {isa = PBXBuildFile; fileRef = 3CF21134272A0E9300D6C1D6 /* Main.storyboard */; };
		3CF21138272A0E9800D6C1D6 /* Assets.xcassets in Resources */ = {isa = PBXBuildFile; fileRef = 3CF21137272A0E9800D6C1D6 /* Assets.xcassets */; };
		3CF2113B272A0E9900D6C1D6 /* LaunchScreen.storyboard in Resources */ = {isa = PBXBuildFile; fileRef = 3CF21139272A0E9800D6C1D6 /* LaunchScreen.storyboard */; };
		3CF21146272A0E9900D6C1D6 /* QuizAppTests.swift in Sources */ = {isa = PBXBuildFile; fileRef = 3CF21145272A0E9900D6C1D6 /* QuizAppTests.swift */; };
		3CF21150272A0E9900D6C1D6 /* QuizAppUITests.swift in Sources */ = {isa = PBXBuildFile; fileRef = 3CF2114F272A0E9900D6C1D6 /* QuizAppUITests.swift */; };
		3CF21152272A0E9900D6C1D6 /* QuizAppUITestsLaunchTests.swift in Sources */ = {isa = PBXBuildFile; fileRef = 3CF21151272A0E9900D6C1D6 /* QuizAppUITestsLaunchTests.swift */; };
/* End PBXBuildFile section */

/* Begin PBXContainerItemProxy section */
		3CF21142272A0E9900D6C1D6 /* PBXContainerItemProxy */ = {
			isa = PBXContainerItemProxy;
			containerPortal = 3CF21123272A0E9300D6C1D6 /* Project object */;
			proxyType = 1;
			remoteGlobalIDString = 3CF2112A272A0E9300D6C1D6;
			remoteInfo = QuizApp;
		};
		3CF2114C272A0E9900D6C1D6 /* PBXContainerItemProxy */ = {
			isa = PBXContainerItemProxy;
			containerPortal = 3CF21123272A0E9300D6C1D6 /* Project object */;
			proxyType = 1;
			remoteGlobalIDString = 3CF2112A272A0E9300D6C1D6;
			remoteInfo = QuizApp;
		};
/* End PBXContainerItemProxy section */

/* Begin PBXFileReference section */
		3CDB7597273C9CC3004175CF /* Questions.swift */ = {isa = PBXFileReference; lastKnownFileType = sourcecode.swift; path = Questions.swift; sourceTree = "<group>"; };
		3CDB759B273C9F31004175CF /* QuizBrain.swift */ = {isa = PBXFileReference; lastKnownFileType = sourcecode.swift; path = QuizBrain.swift; sourceTree = "<group>"; };
		3CF2112B272A0E9300D6C1D6 /* QuizApp.app */ = {isa = PBXFileReference; explicitFileType = wrapper.application; includeInIndex = 0; path = QuizApp.app; sourceTree = BUILT_PRODUCTS_DIR; };
		3CF2112E272A0E9300D6C1D6 /* AppDelegate.swift */ = {isa = PBXFileReference; lastKnownFileType = sourcecode.swift; path = AppDelegate.swift; sourceTree = "<group>"; };
		3CF21130272A0E9300D6C1D6 /* SceneDelegate.swift */ = {isa = PBXFileReference; lastKnownFileType = sourcecode.swift; path = SceneDelegate.swift; sourceTree = "<group>"; };
		3CF21132272A0E9300D6C1D6 /* ViewController.swift */ = {isa = PBXFileReference; lastKnownFileType = sourcecode.swift; path = ViewController.swift; sourceTree = "<group>"; };
		3CF21135272A0E9300D6C1D6 /* Base */ = {isa = PBXFileReference; lastKnownFileType = file.storyboard; name = Base; path = Base.lproj/Main.storyboard; sourceTree = "<group>"; };
		3CF21137272A0E9800D6C1D6 /* Assets.xcassets */ = {isa = PBXFileReference; lastKnownFileType = folder.assetcatalog; path = Assets.xcassets; sourceTree = "<group>"; };
		3CF2113A272A0E9800D6C1D6 /* Base */ = {isa = PBXFileReference; lastKnownFileType = file.storyboard; name = Base; path = Base.lproj/LaunchScreen.storyboard; sourceTree = "<group>"; };
		3CF2113C272A0E9900D6C1D6 /* Info.plist */ = {isa = PBXFileReference; lastKnownFileType = text.plist.xml; path = Info.plist; sourceTree = "<group>"; };
		3CF21141272A0E9900D6C1D6 /* QuizAppTests.xctest */ = {isa = PBXFileReference; explicitFileType = wrapper.cfbundle; includeInIndex = 0; path = QuizAppTests.xctest; sourceTree = BUILT_PRODUCTS_DIR; };
		3CF21145272A0E9900D6C1D6 /* QuizAppTests.swift */ = {isa = PBXFileReference; lastKnownFileType = sourcecode.swift; path = QuizAppTests.swift; sourceTree = "<group>"; };
		3CF2114B272A0E9900D6C1D6 /* QuizAppUITests.xctest */ = {isa = PBXFileReference; explicitFileType = wrapper.cfbundle; includeInIndex = 0; path = QuizAppUITests.xctest; sourceTree = BUILT_PRODUCTS_DIR; };
		3CF2114F272A0E9900D6C1D6 /* QuizAppUITests.swift */ = {isa = PBXFileReference; lastKnownFileType = sourcecode.swift; path = QuizAppUITests.swift; sourceTree = "<group>"; };
		3CF21151272A0E9900D6C1D6 /* QuizAppUITestsLaunchTests.swift */ = {isa = PBXFileReference; lastKnownFileType = sourcecode.swift; path = QuizAppUITestsLaunchTests.swift; sourceTree = "<group>"; };
/* End PBXFileReference section */

/* Begin PBXFrameworksBuildPhase section */
		3CF21128272A0E9300D6C1D6 /* Frameworks */ = {
			isa = PBXFrameworksBuildPhase;
			buildActionMask = 2147483647;
			files = (
			);
			runOnlyForDeploymentPostprocessing = 0;
		};
		3CF2113E272A0E9900D6C1D6 /* Frameworks */ = {
			isa = PBXFrameworksBuildPhase;
			buildActionMask = 2147483647;
			files = (
			);
			runOnlyForDeploymentPostprocessing = 0;
		};
		3CF21148272A0E9900D6C1D6 /* Frameworks */ = {
			isa = PBXFrameworksBuildPhase;
			buildActionMask = 2147483647;
			files = (
			);
			runOnlyForDeploymentPostprocessing = 0;
		};
/* End PBXFrameworksBuildPhase section */

/* Begin PBXGroup section */
		3CDB759A273C9D16004175CF /* Model */ = {
			isa = PBXGroup;
			children = (
				3CDB7597273C9CC3004175CF /* Questions.swift */,
				3CDB759B273C9F31004175CF /* QuizBrain.swift */,
			);
			path = Model;
			sourceTree = "<group>";
		};
		3CF21122272A0E9300D6C1D6 = {
			isa = PBXGroup;
			children = (
				3CF2112D272A0E9300D6C1D6 /* QuizApp */,
				3CF21144272A0E9900D6C1D6 /* QuizAppTests */,
				3CF2114E272A0E9900D6C1D6 /* QuizAppUITests */,
				3CF2112C272A0E9300D6C1D6 /* Products */,
			);
			sourceTree = "<group>";
		};
		3CF2112C272A0E9300D6C1D6 /* Products */ = {
			isa = PBXGroup;
			children = (
				3CF2112B272A0E9300D6C1D6 /* QuizApp.app */,
				3CF21141272A0E9900D6C1D6 /* QuizAppTests.xctest */,
				3CF2114B272A0E9900D6C1D6 /* QuizAppUITests.xctest */,
			);
			name = Products;
			sourceTree = "<group>";
		};
		3CF2112D272A0E9300D6C1D6 /* QuizApp */ = {
			isa = PBXGroup;
			children = (
				3CF2112E272A0E9300D6C1D6 /* AppDelegate.swift */,
				3CF21130272A0E9300D6C1D6 /* SceneDelegate.swift */,
				3CF21132272A0E9300D6C1D6 /* ViewController.swift */,
				3CF21134272A0E9300D6C1D6 /* Main.storyboard */,
				3CF21137272A0E9800D6C1D6 /* Assets.xcassets */,
				3CF21139272A0E9800D6C1D6 /* LaunchScreen.storyboard */,
				3CF2113C272A0E9900D6C1D6 /* Info.plist */,
				3CDB759A273C9D16004175CF /* Model */,
			);
			path = QuizApp;
			sourceTree = "<group>";
		};
		3CF21144272A0E9900D6C1D6 /* QuizAppTests */ = {
			isa = PBXGroup;
			children = (
				3CF21145272A0E9900D6C1D6 /* QuizAppTests.swift */,
			);
			path = QuizAppTests;
			sourceTree = "<group>";
		};
		3CF2114E272A0E9900D6C1D6 /* QuizAppUITests */ = {
			isa = PBXGroup;
			children = (
				3CF2114F272A0E9900D6C1D6 /* QuizAppUITests.swift */,
				3CF21151272A0E9900D6C1D6 /* QuizAppUITestsLaunchTests.swift */,
			);
			path = QuizAppUITests;
			sourceTree = "<group>";
		};
/* End PBXGroup section */

/* Begin PBXNativeTarget section */
		3CF2112A272A0E9300D6C1D6 /* QuizApp */ = {
			isa = PBXNativeTarget;
			buildConfigurationList = 3CF21155272A0E9900D6C1D6 /* Build configuration list for PBXNativeTarget "QuizApp" */;
			buildPhases = (
				3CF21127272A0E9300D6C1D6 /* Sources */,
				3CF21128272A0E9300D6C1D6 /* Frameworks */,
				3CF21129272A0E9300D6C1D6 /* Resources */,
			);
			buildRules = (
			);
			dependencies = (
			);
			name = QuizApp;
			productName = QuizApp;
			productReference = 3CF2112B272A0E9300D6C1D6 /* QuizApp.app */;
			productType = "com.apple.product-type.application";
		};
		3CF21140272A0E9900D6C1D6 /* QuizAppTests */ = {
			isa = PBXNativeTarget;
			buildConfigurationList = 3CF21158272A0E9900D6C1D6 /* Build configuration list for PBXNativeTarget "QuizAppTests" */;
			buildPhases = (
				3CF2113D272A0E9900D6C1D6 /* Sources */,
				3CF2113E272A0E9900D6C1D6 /* Frameworks */,
				3CF2113F272A0E9900D6C1D6 /* Resources */,
			);
			buildRules = (
			);
			dependencies = (
				3CF21143272A0E9900D6C1D6 /* PBXTargetDependency */,
			);
			name = QuizAppTests;
			productName = QuizAppTests;
			productReference = 3CF21141272A0E9900D6C1D6 /* QuizAppTests.xctest */;
			productType = "com.apple.product-type.bundle.unit-test";
		};
		3CF2114A272A0E9900D6C1D6 /* QuizAppUITests */ = {
			isa = PBXNativeTarget;
			buildConfigurationList = 3CF2115B272A0E9900D6C1D6 /* Build configuration list for PBXNativeTarget "QuizAppUITests" */;
			buildPhases = (
				3CF21147272A0E9900D6C1D6 /* Sources */,
				3CF21148272A0E9900D6C1D6 /* Frameworks */,
				3CF21149272A0E9900D6C1D6 /* Resources */,
			);
			buildRules = (
			);
			dependencies = (
				3CF2114D272A0E9900D6C1D6 /* PBXTargetDependency */,
			);
			name = QuizAppUITests;
			productName = QuizAppUITests;
			productReference = 3CF2114B272A0E9900D6C1D6 /* QuizAppUITests.xctest */;
			productType = "com.apple.product-type.bundle.ui-testing";
		};
/* End PBXNativeTarget section */

/* Begin PBXProject section */
		3CF21123272A0E9300D6C1D6 /* Project object */ = {
			isa = PBXProject;
			attributes = {
				BuildIndependentTargetsInParallel = 1;
				LastSwiftUpdateCheck = 1300;
				LastUpgradeCheck = 1300;
				TargetAttributes = {
					3CF2112A272A0E9300D6C1D6 = {
						CreatedOnToolsVersion = 13.0;
					};
					3CF21140272A0E9900D6C1D6 = {
						CreatedOnToolsVersion = 13.0;
						TestTargetID = 3CF2112A272A0E9300D6C1D6;
					};
					3CF2114A272A0E9900D6C1D6 = {
						CreatedOnToolsVersion = 13.0;
						TestTargetID = 3CF2112A272A0E9300D6C1D6;
					};
				};
			};
			buildConfigurationList = 3CF21126272A0E9300D6C1D6 /* Build configuration list for PBXProject "QuizApp" */;
			compatibilityVersion = "Xcode 13.0";
			developmentRegion = en;
			hasScannedForEncodings = 0;
			knownRegions = (
				en,
				Base,
			);
			mainGroup = 3CF21122272A0E9300D6C1D6;
			productRefGroup = 3CF2112C272A0E9300D6C1D6 /* Products */;
			projectDirPath = "";
			projectRoot = "";
			targets = (
				3CF2112A272A0E9300D6C1D6 /* QuizApp */,
				3CF21140272A0E9900D6C1D6 /* QuizAppTests */,
				3CF2114A272A0E9900D6C1D6 /* QuizAppUITests */,
			);
		};
/* End PBXProject section */

/* Begin PBXResourcesBuildPhase section */
		3CF21129272A0E9300D6C1D6 /* Resources */ = {
			isa = PBXResourcesBuildPhase;
			buildActionMask = 2147483647;
			files = (
				3CF2113B272A0E9900D6C1D6 /* LaunchScreen.storyboard in Resources */,
				3CF21138272A0E9800D6C1D6 /* Assets.xcassets in Resources */,
				3CF21136272A0E9300D6C1D6 /* Main.storyboard in Resources */,
			);
			runOnlyForDeploymentPostprocessing = 0;
		};
		3CF2113F272A0E9900D6C1D6 /* Resources */ = {
			isa = PBXResourcesBuildPhase;
			buildActionMask = 2147483647;
			files = (
			);
			runOnlyForDeploymentPostprocessing = 0;
		};
		3CF21149272A0E9900D6C1D6 /* Resources */ = {
			isa = PBXResourcesBuildPhase;
			buildActionMask = 2147483647;
			files = (
			);
			runOnlyForDeploymentPostprocessing = 0;
		};
/* End PBXResourcesBuildPhase section */

/* Begin PBXSourcesBuildPhase section */
		3CF21127272A0E9300D6C1D6 /* Sources */ = {
			isa = PBXSourcesBuildPhase;
			buildActionMask = 2147483647;
			files = (
				3CDB759C273C9F31004175CF /* QuizBrain.swift in Sources */,
				3CF21133272A0E9300D6C1D6 /* ViewController.swift in Sources */,
				3CDB7598273C9CC3004175CF /* Questions.swift in Sources */,
				3CF2112F272A0E9300D6C1D6 /* AppDelegate.swift in Sources */,
				3CF21131272A0E9300D6C1D6 /* SceneDelegate.swift in Sources */,
			);
			runOnlyForDeploymentPostprocessing = 0;
		};
		3CF2113D272A0E9900D6C1D6 /* Sources */ = {
			isa = PBXSourcesBuildPhase;
			buildActionMask = 2147483647;
			files = (
				3CF21146272A0E9900D6C1D6 /* QuizAppTests.swift in Sources */,
			);
			runOnlyForDeploymentPostprocessing = 0;
		};
		3CF21147272A0E9900D6C1D6 /* Sources */ = {
			isa = PBXSourcesBuildPhase;
			buildActionMask = 2147483647;
			files = (
				3CF21150272A0E9900D6C1D6 /* QuizAppUITests.swift in Sources */,
				3CF21152272A0E9900D6C1D6 /* QuizAppUITestsLaunchTests.swift in Sources */,
			);
			runOnlyForDeploymentPostprocessing = 0;
		};
/* End PBXSourcesBuildPhase section */

/* Begin PBXTargetDependency section */
		3CF21143272A0E9900D6C1D6 /* PBXTargetDependency */ = {
			isa = PBXTargetDependency;
			target = 3CF2112A272A0E9300D6C1D6 /* QuizApp */;
			targetProxy = 3CF21142272A0E9900D6C1D6 /* PBXContainerItemProxy */;
		};
		3CF2114D272A0E9900D6C1D6 /* PBXTargetDependency */ = {
			isa = PBXTargetDependency;
			target = 3CF2112A272A0E9300D6C1D6 /* QuizApp */;
			targetProxy = 3CF2114C272A0E9900D6C1D6 /* PBXContainerItemProxy */;
		};
/* End PBXTargetDependency section */

/* Begin PBXVariantGroup section */
		3CF21134272A0E9300D6C1D6 /* Main.storyboard */ = {
			isa = PBXVariantGroup;
			children = (
				3CF21135272A0E9300D6C1D6 /* Base */,
			);
			name = Main.storyboard;
			sourceTree = "<group>";
		};
		3CF21139272A0E9800D6C1D6 /* LaunchScreen.storyboard */ = {
			isa = PBXVariantGroup;
			children = (
				3CF2113A272A0E9800D6C1D6 /* Base */,
			);
			name = LaunchScreen.storyboard;
			sourceTree = "<group>";
		};
/* End PBXVariantGroup section */

/* Begin XCBuildConfiguration section */
		3CF21153272A0E9900D6C1D6 /* Debug */ = {
			isa = XCBuildConfiguration;
			buildSettings = {
				ALWAYS_SEARCH_USER_PATHS = NO;
				CLANG_ANALYZER_NONNULL = YES;
				CLANG_ANALYZER_NUMBER_OBJECT_CONVERSION = YES_AGGRESSIVE;
				CLANG_CXX_LANGUAGE_STANDARD = "gnu++17";
				CLANG_CXX_LIBRARY = "libc++";
				CLANG_ENABLE_MODULES = YES;
				CLANG_ENABLE_OBJC_ARC = YES;
				CLANG_ENABLE_OBJC_WEAK = YES;
				CLANG_WARN_BLOCK_CAPTURE_AUTORELEASING = YES;
				CLANG_WARN_BOOL_CONVERSION = YES;
				CLANG_WARN_COMMA = YES;
				CLANG_WARN_CONSTANT_CONVERSION = YES;
				CLANG_WARN_DEPRECATED_OBJC_IMPLEMENTATIONS = YES;
				CLANG_WARN_DIRECT_OBJC_ISA_USAGE = YES_ERROR;
				CLANG_WARN_DOCUMENTATION_COMMENTS = YES;
				CLANG_WARN_EMPTY_BODY = YES;
				CLANG_WARN_ENUM_CONVERSION = YES;
				CLANG_WARN_INFINITE_RECURSION = YES;
				CLANG_WARN_INT_CONVERSION = YES;
				CLANG_WARN_NON_LITERAL_NULL_CONVERSION = YES;
				CLANG_WARN_OBJC_IMPLICIT_RETAIN_SELF = YES;
				CLANG_WARN_OBJC_LITERAL_CONVERSION = YES;
				CLANG_WARN_OBJC_ROOT_CLASS = YES_ERROR;
				CLANG_WARN_QUOTED_INCLUDE_IN_FRAMEWORK_HEADER = YES;
				CLANG_WARN_RANGE_LOOP_ANALYSIS = YES;
				CLANG_WARN_STRICT_PROTOTYPES = YES;
				CLANG_WARN_SUSPICIOUS_MOVE = YES;
				CLANG_WARN_UNGUARDED_AVAILABILITY = YES_AGGRESSIVE;
				CLANG_WARN_UNREACHABLE_CODE = YES;
				CLANG_WARN__DUPLICATE_METHOD_MATCH = YES;
				COPY_PHASE_STRIP = NO;
				DEBUG_INFORMATION_FORMAT = dwarf;
				ENABLE_STRICT_OBJC_MSGSEND = YES;
				ENABLE_TESTABILITY = YES;
				GCC_C_LANGUAGE_STANDARD = gnu11;
				GCC_DYNAMIC_NO_PIC = NO;
				GCC_NO_COMMON_BLOCKS = YES;
				GCC_OPTIMIZATION_LEVEL = 0;
				GCC_PREPROCESSOR_DEFINITIONS = (
					"DEBUG=1",
					"$(inherited)",
				);
				GCC_WARN_64_TO_32_BIT_CONVERSION = YES;
				GCC_WARN_ABOUT_RETURN_TYPE = YES_ERROR;
				GCC_WARN_UNDECLARED_SELECTOR = YES;
				GCC_WARN_UNINITIALIZED_AUTOS = YES_AGGRESSIVE;
				GCC_WARN_UNUSED_FUNCTION = YES;
				GCC_WARN_UNUSED_VARIABLE = YES;
				IPHONEOS_DEPLOYMENT_TARGET = 15.0;
				MTL_ENABLE_DEBUG_INFO = INCLUDE_SOURCE;
				MTL_FAST_MATH = YES;
				ONLY_ACTIVE_ARCH = YES;
				SDKROOT = iphoneos;
				SWIFT_ACTIVE_COMPILATION_CONDITIONS = DEBUG;
				SWIFT_OPTIMIZATION_LEVEL = "-Onone";
			};
			name = Debug;
		};
		3CF21154272A0E9900D6C1D6 /* Release */ = {
			isa = XCBuildConfiguration;
			buildSettings = {
				ALWAYS_SEARCH_USER_PATHS = NO;
				CLANG_ANALYZER_NONNULL = YES;
				CLANG_ANALYZER_NUMBER_OBJECT_CONVERSION = YES_AGGRESSIVE;
				CLANG_CXX_LANGUAGE_STANDARD = "gnu++17";
				CLANG_CXX_LIBRARY = "libc++";
				CLANG_ENABLE_MODULES = YES;
				CLANG_ENABLE_OBJC_ARC = YES;
				CLANG_ENABLE_OBJC_WEAK = YES;
				CLANG_WARN_BLOCK_CAPTURE_AUTORELEASING = YES;
				CLANG_WARN_BOOL_CONVERSION = YES;
				CLANG_WARN_COMMA = YES;
				CLANG_WARN_CONSTANT_CONVERSION = YES;
				CLANG_WARN_DEPRECATED_OBJC_IMPLEMENTATIONS = YES;
				CLANG_WARN_DIRECT_OBJC_ISA_USAGE = YES_ERROR;
				CLANG_WARN_DOCUMENTATION_COMMENTS = YES;
				CLANG_WARN_EMPTY_BODY = YES;
				CLANG_WARN_ENUM_CONVERSION = YES;
				CLANG_WARN_INFINITE_RECURSION = YES;
				CLANG_WARN_INT_CONVERSION = YES;
				CLANG_WARN_NON_LITERAL_NULL_CONVERSION = YES;
				CLANG_WARN_OBJC_IMPLICIT_RETAIN_SELF = YES;
				CLANG_WARN_OBJC_LITERAL_CONVERSION = YES;
				CLANG_WARN_OBJC_ROOT_CLASS = YES_ERROR;
				CLANG_WARN_QUOTED_INCLUDE_IN_FRAMEWORK_HEADER = YES;
				CLANG_WARN_RANGE_LOOP_ANALYSIS = YES;
				CLANG_WARN_STRICT_PROTOTYPES = YES;
				CLANG_WARN_SUSPICIOUS_MOVE = YES;
				CLANG_WARN_UNGUARDED_AVAILABILITY = YES_AGGRESSIVE;
				CLANG_WARN_UNREACHABLE_CODE = YES;
				CLANG_WARN__DUPLICATE_METHOD_MATCH = YES;
				COPY_PHASE_STRIP = NO;
				DEBUG_INFORMATION_FORMAT = "dwarf-with-dsym";
				ENABLE_NS_ASSERTIONS = NO;
				ENABLE_STRICT_OBJC_MSGSEND = YES;
				GCC_C_LANGUAGE_STANDARD = gnu11;
				GCC_NO_COMMON_BLOCKS = YES;
				GCC_WARN_64_TO_32_BIT_CONVERSION = YES;
				GCC_WARN_ABOUT_RETURN_TYPE = YES_ERROR;
				GCC_WARN_UNDECLARED_SELECTOR = YES;
				GCC_WARN_UNINITIALIZED_AUTOS = YES_AGGRESSIVE;
				GCC_WARN_UNUSED_FUNCTION = YES;
				GCC_WARN_UNUSED_VARIABLE = YES;
				IPHONEOS_DEPLOYMENT_TARGET = 15.0;
				MTL_ENABLE_DEBUG_INFO = NO;
				MTL_FAST_MATH = YES;
				SDKROOT = iphoneos;
				SWIFT_COMPILATION_MODE = wholemodule;
				SWIFT_OPTIMIZATION_LEVEL = "-O";
				VALIDATE_PRODUCT = YES;
			};
			name = Release;
		};
		3CF21156272A0E9900D6C1D6 /* Debug */ = {
			isa = XCBuildConfiguration;
			buildSettings = {
				ASSETCATALOG_COMPILER_APPICON_NAME = AppIcon;
				ASSETCATALOG_COMPILER_GLOBAL_ACCENT_COLOR_NAME = AccentColor;
				CODE_SIGN_STYLE = Automatic;
				CURRENT_PROJECT_VERSION = 1;
				DEVELOPMENT_TEAM = QY6588RGZ6;
				GENERATE_INFOPLIST_FILE = YES;
				INFOPLIST_FILE = QuizApp/Info.plist;
				INFOPLIST_KEY_UIApplicationSupportsIndirectInputEvents = YES;
				INFOPLIST_KEY_UILaunchStoryboardName = LaunchScreen;
				INFOPLIST_KEY_UIMainStoryboardFile = Main;
				INFOPLIST_KEY_UISupportedInterfaceOrientations_iPad = "UIInterfaceOrientationPortrait UIInterfaceOrientationPortraitUpsideDown UIInterfaceOrientationLandscapeLeft UIInterfaceOrientationLandscapeRight";
				INFOPLIST_KEY_UISupportedInterfaceOrientations_iPhone = "UIInterfaceOrientationPortrait UIInterfaceOrientationLandscapeLeft UIInterfaceOrientationLandscapeRight";
				LD_RUNPATH_SEARCH_PATHS = (
					"$(inherited)",
					"@executable_path/Frameworks",
				);
				MARKETING_VERSION = 1.0;
				PRODUCT_BUNDLE_IDENTIFIER = comyy04022.QuizApp;
				PRODUCT_NAME = "$(TARGET_NAME)";
				SWIFT_EMIT_LOC_STRINGS = YES;
				SWIFT_VERSION = 5.0;
				TARGETED_DEVICE_FAMILY = "1,2";
			};
			name = Debug;
		};
		3CF21157272A0E9900D6C1D6 /* Release */ = {
			isa = XCBuildConfiguration;
			buildSettings = {
				ASSETCATALOG_COMPILER_APPICON_NAME = AppIcon;
				ASSETCATALOG_COMPILER_GLOBAL_ACCENT_COLOR_NAME = AccentColor;
				CODE_SIGN_STYLE = Automatic;
				CURRENT_PROJECT_VERSION = 1;
				DEVELOPMENT_TEAM = QY6588RGZ6;
				GENERATE_INFOPLIST_FILE = YES;
				INFOPLIST_FILE = QuizApp/Info.plist;
				INFOPLIST_KEY_UIApplicationSupportsIndirectInputEvents = YES;
				INFOPLIST_KEY_UILaunchStoryboardName = LaunchScreen;
				INFOPLIST_KEY_UIMainStoryboardFile = Main;
				INFOPLIST_KEY_UISupportedInterfaceOrientations_iPad = "UIInterfaceOrientationPortrait UIInterfaceOrientationPortraitUpsideDown UIInterfaceOrientationLandscapeLeft UIInterfaceOrientationLandscapeRight";
				INFOPLIST_KEY_UISupportedInterfaceOrientations_iPhone = "UIInterfaceOrientationPortrait UIInterfaceOrientationLandscapeLeft UIInterfaceOrientationLandscapeRight";
				LD_RUNPATH_SEARCH_PATHS = (
					"$(inherited)",
					"@executable_path/Frameworks",
				);
				MARKETING_VERSION = 1.0;
				PRODUCT_BUNDLE_IDENTIFIER = comyy04022.QuizApp;
				PRODUCT_NAME = "$(TARGET_NAME)";
				SWIFT_EMIT_LOC_STRINGS = YES;
				SWIFT_VERSION = 5.0;
				TARGETED_DEVICE_FAMILY = "1,2";
			};
			name = Release;
		};
		3CF21159272A0E9900D6C1D6 /* Debug */ = {
			isa = XCBuildConfiguration;
			buildSettings = {
				ALWAYS_EMBED_SWIFT_STANDARD_LIBRARIES = YES;
				BUNDLE_LOADER = "$(TEST_HOST)";
				CODE_SIGN_STYLE = Automatic;
				CURRENT_PROJECT_VERSION = 1;
				DEVELOPMENT_TEAM = QY6588RGZ6;
				GENERATE_INFOPLIST_FILE = YES;
				IPHONEOS_DEPLOYMENT_TARGET = 15.0;
				LD_RUNPATH_SEARCH_PATHS = (
					"$(inherited)",
					"@executable_path/Frameworks",
					"@loader_path/Frameworks",
				);
				MARKETING_VERSION = 1.0;
				PRODUCT_BUNDLE_IDENTIFIER = comyy04022.QuizAppTests;
				PRODUCT_NAME = "$(TARGET_NAME)";
				SWIFT_EMIT_LOC_STRINGS = NO;
				SWIFT_VERSION = 5.0;
				TARGETED_DEVICE_FAMILY = "1,2";
				TEST_HOST = "$(BUILT_PRODUCTS_DIR)/QuizApp.app/QuizApp";
			};
			name = Debug;
		};
		3CF2115A272A0E9900D6C1D6 /* Release */ = {
			isa = XCBuildConfiguration;
			buildSettings = {
				ALWAYS_EMBED_SWIFT_STANDARD_LIBRARIES = YES;
				BUNDLE_LOADER = "$(TEST_HOST)";
				CODE_SIGN_STYLE = Automatic;
				CURRENT_PROJECT_VERSION = 1;
				DEVELOPMENT_TEAM = QY6588RGZ6;
				GENERATE_INFOPLIST_FILE = YES;
				IPHONEOS_DEPLOYMENT_TARGET = 15.0;
				LD_RUNPATH_SEARCH_PATHS = (
					"$(inherited)",
					"@executable_path/Frameworks",
					"@loader_path/Frameworks",
				);
				MARKETING_VERSION = 1.0;
				PRODUCT_BUNDLE_IDENTIFIER = comyy04022.QuizAppTests;
				PRODUCT_NAME = "$(TARGET_NAME)";
				SWIFT_EMIT_LOC_STRINGS = NO;
				SWIFT_VERSION = 5.0;
				TARGETED_DEVICE_FAMILY = "1,2";
				TEST_HOST = "$(BUILT_PRODUCTS_DIR)/QuizApp.app/QuizApp";
			};
			name = Release;
		};
		3CF2115C272A0E9900D6C1D6 /* Debug */ = {
			isa = XCBuildConfiguration;
			buildSettings = {
				ALWAYS_EMBED_SWIFT_STANDARD_LIBRARIES = YES;
				CODE_SIGN_STYLE = Automatic;
				CURRENT_PROJECT_VERSION = 1;
				DEVELOPMENT_TEAM = QY6588RGZ6;
				GENERATE_INFOPLIST_FILE = YES;
				LD_RUNPATH_SEARCH_PATHS = (
					"$(inherited)",
					"@executable_path/Frameworks",
					"@loader_path/Frameworks",
				);
				MARKETING_VERSION = 1.0;
				PRODUCT_BUNDLE_IDENTIFIER = comyy04022.QuizAppUITests;
				PRODUCT_NAME = "$(TARGET_NAME)";
				SWIFT_EMIT_LOC_STRINGS = NO;
				SWIFT_VERSION = 5.0;
				TARGETED_DEVICE_FAMILY = "1,2";
				TEST_TARGET_NAME = QuizApp;
			};
			name = Debug;
		};
		3CF2115D272A0E9900D6C1D6 /* Release */ = {
			isa = XCBuildConfiguration;
			buildSettings = {
				ALWAYS_EMBED_SWIFT_STANDARD_LIBRARIES = YES;
				CODE_SIGN_STYLE = Automatic;
				CURRENT_PROJECT_VERSION = 1;
				DEVELOPMENT_TEAM = QY6588RGZ6;
				GENERATE_INFOPLIST_FILE = YES;
				LD_RUNPATH_SEARCH_PATHS = (
					"$(inherited)",
					"@executable_path/Frameworks",
					"@loader_path/Frameworks",
				);
				MARKETING_VERSION = 1.0;
				PRODUCT_BUNDLE_IDENTIFIER = comyy04022.QuizAppUITests;
				PRODUCT_NAME = "$(TARGET_NAME)";
				SWIFT_EMIT_LOC_STRINGS = NO;
				SWIFT_VERSION = 5.0;
				TARGETED_DEVICE_FAMILY = "1,2";
				TEST_TARGET_NAME = QuizApp;
			};
			name = Release;
		};
/* End XCBuildConfiguration section */

/* Begin XCConfigurationList section */
		3CF21126272A0E9300D6C1D6 /* Build configuration list for PBXProject "QuizApp" */ = {
			isa = XCConfigurationList;
			buildConfigurations = (
				3CF21153272A0E9900D6C1D6 /* Debug */,
				3CF21154272A0E9900D6C1D6 /* Release */,
			);
			defaultConfigurationIsVisible = 0;
			defaultConfigurationName = Release;
		};
		3CF21155272A0E9900D6C1D6 /* Build configuration list for PBXNativeTarget "QuizApp" */ = {
			isa = XCConfigurationList;
			buildConfigurations = (
				3CF21156272A0E9900D6C1D6 /* Debug */,
				3CF21157272A0E9900D6C1D6 /* Release */,
			);
			defaultConfigurationIsVisible = 0;
			defaultConfigurationName = Release;
		};
		3CF21158272A0E9900D6C1D6 /* Build configuration list for PBXNativeTarget "QuizAppTests" */ = {
			isa = XCConfigurationList;
			buildConfigurations = (
				3CF21159272A0E9900D6C1D6 /* Debug */,
				3CF2115A272A0E9900D6C1D6 /* Release */,
			);
			defaultConfigurationIsVisible = 0;
			defaultConfigurationName = Release;
		};
		3CF2115B272A0E9900D6C1D6 /* Build configuration list for PBXNativeTarget "QuizAppUITests" */ = {
			isa = XCConfigurationList;
			buildConfigurations = (
				3CF2115C272A0E9900D6C1D6 /* Debug */,
				3CF2115D272A0E9900D6C1D6 /* Release */,
			);
			defaultConfigurationIsVisible = 0;
			defaultConfigurationName = Release;
		};
/* End XCConfigurationList section */
	};
	rootObject = 3CF21123272A0E9300D6C1D6 /* Project object */;
}
